
Microsoft Visual Studio Solution File, Format Version 12.00
# Visual Studio Version 17
VisualStudioVersion = 17.6.33801.468
MinimumVisualStudioVersion = 10.0.40219.1
Project("{9A19103F-16F7-4668-BE54-9A1E7A4F7556}") = "CRUD-Veiculos", "CRUD-Veiculos.csproj", "{DE864636-1755-4B92-A0D9-5534726EE0E4}"
EndProject
Global
	GlobalSection(SolutionConfigurationPlatforms) = preSolution
		Debug|Any CPU = Debug|Any CPU
		Release|Any CPU = Release|Any CPU
	EndGlobalSection
	GlobalSection(ProjectConfigurationPlatforms) = postSolution
		{DE864636-1755-4B92-A0D9-5534726EE0E4}.Debug|Any CPU.ActiveCfg = Debug|Any CPU
		{DE864636-1755-4B92-A0D9-5534726EE0E4}.Debug|Any CPU.Build.0 = Debug|Any CPU
		{DE864636-1755-4B92-A0D9-5534726EE0E4}.Release|Any CPU.ActiveCfg = Release|Any CPU
		{DE864636-1755-4B92-A0D9-5534726EE0E4}.Release|Any CPU.Build.0 = Release|Any CPU
	EndGlobalSection
	GlobalSection(SolutionProperties) = preSolution
		HideSolutionNode = FALSE
	EndGlobalSection
	GlobalSection(ExtensibilityGlobals) = postSolution
		SolutionGuid = {6D3B9747-4FBA-4590-B775-8A3FC5B3BA47}
	EndGlobalSection
EndGlobal
